{
	"name": "@happyskillsai/instant-canvas",
	"version": "0.26.0",
	"lockfileVersion": 3,
	"requires": true,
	"packages": {
		"": {
			"name": "@happyskillsai/instant-canvas",
			"version": "0.26.0",
			"license": "BSD-3-Clause",
			"dependencies": {
				"@happyskillsai/skill-drift-check": "^0.1.0"
			},
			"bin": {
				"instant-canvas": "scripts/instantcanvas.js"
			},
			"engines": {
				"node": ">=20"
			}
		},
		"node_modules/@happyskillsai/skill-drift-check": {
			"version": "0.1.0",
			"resolved": "https://registry.npmjs.org/@happyskillsai/skill-drift-check/-/skill-drift-check-0.1.0.tgz",
			"integrity": "sha512-w1N7RdlzTltj1Vj8bgih6XeKXE3P75Fuswv1poX6sMKRHvw/GQsVwtbcEwywh+XssgvDPQ3SMsyoUmX8vWRHFw==",
			"license": "BSD-3-Clause",
			"dependencies": {
				"semver": "^7.6.0"
			},
			"engines": {
				"node": ">=18"
			}
		},
		"node_modules/semver": {
			"version": "7.8.5",
			"resolved": "https://registry.npmjs.org/semver/-/semver-7.8.5.tgz",
			"integrity": "sha512-Y7/KDsb8LjooZpwaqGyulO6DQlksgCncchHGk+sZIY4SBvUocMBEFH5Ur1fI4dV+Jvl0w6cjvucaIi40puRioA==",
			"license": "ISC",
			"bin": {
				"semver": "bin/semver.js"
			},
			"engines": {
				"node": ">=10"
			}
		}
	}
}
